{
  "lib\\chainlink-brownie-contracts": {
    "tag": {
      "name": "0.6.1",
      "rev": "c6d0ca512f1b09d93bc81415d246dbee7e5c6894"
    }
  },
  "lib\\forge-std": {
    "tag": {
      "name": "v1.14.0",
      "rev": "1801b0541f4fda118a10798fd3486bb7051c5dd6"
    }
  },
  "lib\\foundry-devops": {
    "tag": {
      "name": "0.4.0",
      "rev": "efff097a87e70c3d15661c9f2a2daeae0b33d5d5"
    }
  }
}